# @generated by Move, please check-in and do not edit manually.

[move]
version = 0
manifest_digest = "25702D37B6D8793057BA7A696CAB85D9ECC078725B9FE6D2A581B7B02A9782CE"
deps_digest = "F8BBB0CCB2491CA29A3DF03D6F92277A4F3574266507ACD77214D37ECA3F3082"

dependencies = [
  { name = "Sui" },
]

[[move.package]]
name = "MoveStdlib"
source = { git = "https://github.com/MystenLabs/sui.git", rev = "f4d16270b2567356dff78e58fb417241b4e78455", subdir = "crates\\sui-framework\\packages\\move-stdlib" }

[[move.package]]
name = "Sui"
source = { git = "https://github.com/MystenLabs/sui.git", rev = "f4d16270b2567356dff78e58fb417241b4e78455", subdir = "crates/sui-framework/packages/sui-framework" }

dependencies = [
  { name = "MoveStdlib" },
]
